// !$*UTF8*$!
{
	archiveVersion = 1;
	classes = {
	};
	objectVersion = 77;
	objects = {

/* Begin PBXContainerItemProxy section */
		B50903B52E3F553100B0C58C /* PBXContainerItemProxy */ = {
			isa = PBXContainerItemProxy;
			containerPortal = B509039F2E3F552C00B0C58C /* Project object */;
			proxyType = 1;
			remoteGlobalIDString = B50903A62E3F552C00B0C58C;
			remoteInfo = sensorCollect;
		};
		B50903BF2E3F553100B0C58C /* PBXContainerItemProxy */ = {
			isa = PBXContainerItemProxy;
			containerPortal = B509039F2E3F552C00B0C58C /* Project object */;
			proxyType = 1;
			remoteGlobalIDString = B50903A62E3F552C00B0C58C;
			remoteInfo = sensorCollect;
		};
/* End PBXContainerItemProxy section */

/* Begin PBXFileReference section */
		B50903A72E3F552C00B0C58C /* sensorCollect.app */ = {isa = PBXFileReference; explicitFileType = wrapper.application; includeInIndex = 0; path = sensorCollect.app; sourceTree = BUILT_PRODUCTS_DIR; };
		B50903B42E3F553100B0C58C /* sensorCollectTests.xctest */ = {isa = PBXFileReference; explicitFileType = wrapper.cfbundle; includeInIndex = 0; path = sensorCollectTests.xctest; sourceTree = BUILT_PRODUCTS_DIR; };
		B50903BE2E3F553100B0C58C /* sensorCollectUITests.xctest */ = {isa = PBXFileReference; explicitFileType = wrapper.cfbundle; includeInIndex = 0; path = sensorCollectUITests.xctest; sourceTree = BUILT_PRODUCTS_DIR; };
/* End PBXFileReference section */

/* Begin PBXFileSystemSynchronizedBuildFileExceptionSet section */
		B50904052E3FAA4B00B0C58C /* Exceptions for "sensorCollect" folder in "sensorCollect" target */ = {
			isa = PBXFileSystemSynchronizedBuildFileExceptionSet;
			membershipExceptions = (
				Info.plist,
			);
			target = B50903A62E3F552C00B0C58C /* sensorCollect */;
		};
/* End PBXFileSystemSynchronizedBuildFileExceptionSet section */

/* Begin PBXFileSystemSynchronizedRootGroup section */
		B50903A92E3F552C00B0C58C /* sensorCollect */ = {
			isa = PBXFileSystemSynchronizedRootGroup;
			exceptions = (
				B50904052E3FAA4B00B0C58C /* Exceptions for "sensorCollect" folder in "sensorCollect" target */,
			);
			path = sensorCollect;
			sourceTree = "<group>";
		};
		B50903B72E3F553100B0C58C /* sensorCollectTests */ = {
			isa = PBXFileSystemSynchronizedRootGroup;
			path = sensorCollectTests;
			sourceTree = "<group>";
		};
		B50903C12E3F553100B0C58C /* sensorCollectUITests */ = {
			isa = PBXFileSystemSynchronizedRootGroup;
			path = sensorCollectUITests;
			sourceTree = "<group>";
		};
/* End PBXFileSystemSynchronizedRootGroup section */

/* Begin PBXFrameworksBuildPhase section */
		B50903A42E3F552C00B0C58C /* Frameworks */ = {
			isa = PBXFrameworksBuildPhase;
			buildActionMask = 2147483647;
			files = (
			);
			runOnlyForDeploymentPostprocessing = 0;
		};
		B50903B12E3F553100B0C58C /* Frameworks */ = {
			isa = PBXFrameworksBuildPhase;
			buildActionMask = 2147483647;
			files = (
			);
			runOnlyForDeploymentPostprocessing = 0;
		};
		B50903BB2E3F553100B0C58C /* Frameworks */ = {
			isa = PBXFrameworksBuildPhase;
			buildActionMask = 2147483647;
			files = (
			);
			runOnlyForDeploymentPostprocessing = 0;
		};
/* End PBXFrameworksBuildPhase section */

/* Begin PBXGroup section */
		B509039E2E3F552C00B0C58C = {
			isa = PBXGroup;
			children = (
				B50903A92E3F552C00B0C58C /* sensorCollect */,
				B50903B72E3F553100B0C58C /* sensorCollectTests */,
				B50903C12E3F553100B0C58C /* sensorCollectUITests */,
				B50903A82E3F552C00B0C58C /* Products */,
			);
			sourceTree = "<group>";
		};
		B50903A82E3F552C00B0C58C /* Products */ = {
			isa = PBXGroup;
			children = (
				B50903A72E3F552C00B0C58C /* sensorCollect.app */,
				B50903B42E3F553100B0C58C /* sensorCollectTests.xctest */,
				B50903BE2E3F553100B0C58C /* sensorCollectUITests.xctest */,
			);
			name = Products;
			sourceTree = "<group>";
		};
/* End PBXGroup section */

/* Begin PBXNativeTarget section */
		B50903A62E3F552C00B0C58C /* sensorCollect */ = {
			isa = PBXNativeTarget;
			buildConfigurationList = B50903C82E3F553100B0C58C /* Build configuration list for PBXNativeTarget "sensorCollect" */;
			buildPhases = (
				B50903A32E3F552C00B0C58C /* Sources */,
				B50903A42E3F552C00B0C58C /* Frameworks */,
				B50903A52E3F552C00B0C58C /* Resources */,
			);
			buildRules = (
			);
			dependencies = (
			);
			fileSystemSynchronizedGroups = (
				B50903A92E3F552C00B0C58C /* sensorCollect */,
			);
			name = sensorCollect;
			packageProductDependencies = (
			);
			productName = sensorCollect;
			productReference = B50903A72E3F552C00B0C58C /* sensorCollect.app */;
			productType = "com.apple.product-type.application";
		};
		B50903B32E3F553100B0C58C /* sensorCollectTests */ = {
			isa = PBXNativeTarget;
			buildConfigurationList = B50903CB2E3F553100B0C58C /* Build configuration list for PBXNativeTarget "sensorCollectTests" */;
			buildPhases = (
				B50903B02E3F553100B0C58C /* Sources */,
				B50903B12E3F553100B0C58C /* Frameworks */,
				B50903B22E3F553100B0C58C /* Resources */,
			);
			buildRules = (
			);
			dependencies = (
				B50903B62E3F553100B0C58C /* PBXTargetDependency */,
			);
			fileSystemSynchronizedGroups = (
				B50903B72E3F553100B0C58C /* sensorCollectTests */,
			);
			name = sensorCollectTests;
			packageProductDependencies = (
			);
			productName = sensorCollectTests;
			productReference = B50903B42E3F553100B0C58C /* sensorCollectTests.xctest */;
			productType = "com.apple.product-type.bundle.unit-test";
		};
		B50903BD2E3F553100B0C58C /* sensorCollectUITests */ = {
			isa = PBXNativeTarget;
			buildConfigurationList = B50903CE2E3F553100B0C58C /* Build configuration list for PBXNativeTarget "sensorCollectUITests" */;
			buildPhases = (
				B50903BA2E3F553100B0C58C /* Sources */,
				B50903BB2E3F553100B0C58C /* Frameworks */,
				B50903BC2E3F553100B0C58C /* Resources */,
			);
			buildRules = (
			);
			dependencies = (
				B50903C02E3F553100B0C58C /* PBXTargetDependency */,
			);
			fileSystemSynchronizedGroups = (
				B50903C12E3F553100B0C58C /* sensorCollectUITests */,
			);
			name = sensorCollectUITests;
			packageProductDependencies = (
			);
			productName = sensorCollectUITests;
			productReference = B50903BE2E3F553100B0C58C /* sensorCollectUITests.xctest */;
			productType = "com.apple.product-type.bundle.ui-testing";
		};
/* End PBXNativeTarget section */

/* Begin PBXProject section */
		B509039F2E3F552C00B0C58C /* Project object */ = {
			isa = PBXProject;
			attributes = {
				BuildIndependentTargetsInParallel = 1;
				LastSwiftUpdateCheck = 1630;
				LastUpgradeCheck = 1630;
				TargetAttributes = {
					B50903A62E3F552C00B0C58C = {
						CreatedOnToolsVersion = 16.3;
					};
					B50903B32E3F553100B0C58C = {
						CreatedOnToolsVersion = 16.3;
						TestTargetID = B50903A62E3F552C00B0C58C;
					};
					B50903BD2E3F553100B0C58C = {
						CreatedOnToolsVersion = 16.3;
						TestTargetID = B50903A62E3F552C00B0C58C;
					};
				};
			};
			buildConfigurationList = B50903A22E3F552C00B0C58C /* Build configuration list for PBXProject "sensorCollect" */;
			developmentRegion = en;
			hasScannedForEncodings = 0;
			knownRegions = (
				en,
				Base,
			);
			mainGroup = B509039E2E3F552C00B0C58C;
			minimizedProjectReferenceProxies = 1;
			preferredProjectObjectVersion = 77;
			productRefGroup = B50903A82E3F552C00B0C58C /* Products */;
			projectDirPath = "";
			projectRoot = "";
			targets = (
				B50903A62E3F552C00B0C58C /* sensorCollect */,
				B50903B32E3F553100B0C58C /* sensorCollectTests */,
				B50903BD2E3F553100B0C58C /* sensorCollectUITests */,
			);
		};
/* End PBXProject section */

/* Begin PBXResourcesBuildPhase section */
		B50903A52E3F552C00B0C58C /* Resources */ = {
			isa = PBXResourcesBuildPhase;
			buildActionMask = 2147483647;
			files = (
			);
			runOnlyForDeploymentPostprocessing = 0;
		};
		B50903B22E3F553100B0C58C /* Resources */ = {
			isa = PBXResourcesBuildPhase;
			buildActionMask = 2147483647;
			files = (
			);
			runOnlyForDeploymentPostprocessing = 0;
		};
		B50903BC2E3F553100B0C58C /* Resources */ = {
			isa = PBXResourcesBuildPhase;
			buildActionMask = 2147483647;
			files = (
			);
			runOnlyForDeploymentPostprocessing = 0;
		};
/* End PBXResourcesBuildPhase section */

/* Begin PBXSourcesBuildPhase section */
		B50903A32E3F552C00B0C58C /* Sources */ = {
			isa = PBXSourcesBuildPhase;
			buildActionMask = 2147483647;
			files = (
			);
			runOnlyForDeploymentPostprocessing = 0;
		};
		B50903B02E3F553100B0C58C /* Sources */ = {
			isa = PBXSourcesBuildPhase;
			buildActionMask = 2147483647;
			files = (
			);
			runOnlyForDeploymentPostprocessing = 0;
		};
		B50903BA2E3F553100B0C58C /* Sources */ = {
			isa = PBXSourcesBuildPhase;
			buildActionMask = 2147483647;
			files = (
			);
			runOnlyForDeploymentPostprocessing = 0;
		};
/* End PBXSourcesBuildPhase section */

/* Begin PBXTargetDependency section */
		B50903B62E3F553100B0C58C /* PBXTargetDependency */ = {
			isa = PBXTargetDependency;
			target = B50903A62E3F552C00B0C58C /* sensorCollect */;
			targetProxy = B50903B52E3F553100B0C58C /* PBXContainerItemProxy */;
		};
		B50903C02E3F553100B0C58C /* PBXTargetDependency */ = {
			isa = PBXTargetDependency;
			target = B50903A62E3F552C00B0C58C /* sensorCollect */;
			targetProxy = B50903BF2E3F553100B0C58C /* PBXContainerItemProxy */;
		};
/* End PBXTargetDependency section */

/* Begin XCBuildConfiguration section */
		B50903C62E3F553100B0C58C /* Debug */ = {
			isa = XCBuildConfiguration;
			buildSettings = {
				ALWAYS_SEARCH_USER_PATHS = NO;
				ASSETCATALOG_COMPILER_GENERATE_SWIFT_ASSET_SYMBOL_EXTENSIONS = YES;
				CLANG_ANALYZER_NONNULL = YES;
				CLANG_ANALYZER_NUMBER_OBJECT_CONVERSION = YES_AGGRESSIVE;
				CLANG_CXX_LANGUAGE_STANDARD = "gnu++20";
				CLANG_ENABLE_MODULES = YES;
				CLANG_ENABLE_OBJC_ARC = YES;
				CLANG_ENABLE_OBJC_WEAK = YES;
				CLANG_WARN_BLOCK_CAPTURE_AUTORELEASING = YES;
				CLANG_WARN_BOOL_CONVERSION = YES;
				CLANG_WARN_COMMA = YES;
				CLANG_WARN_CONSTANT_CONVERSION = YES;
				CLANG_WARN_DEPRECATED_OBJC_IMPLEMENTATIONS = YES;
				CLANG_WARN_DIRECT_OBJC_ISA_USAGE = YES_ERROR;
				CLANG_WARN_DOCUMENTATION_COMMENTS = YES;
				CLANG_WARN_EMPTY_BODY = YES;
				CLANG_WARN_ENUM_CONVERSION = YES;
				CLANG_WARN_INFINITE_RECURSION = YES;
				CLANG_WARN_INT_CONVERSION = YES;
				CLANG_WARN_NON_LITERAL_NULL_CONVERSION = YES;
				CLANG_WARN_OBJC_IMPLICIT_RETAIN_SELF = YES;
				CLANG_WARN_OBJC_LITERAL_CONVERSION = YES;
				CLANG_WARN_OBJC_ROOT_CLASS = YES_ERROR;
				CLANG_WARN_QUOTED_INCLUDE_IN_FRAMEWORK_HEADER = YES;
				CLANG_WARN_RANGE_LOOP_ANALYSIS = YES;
				CLANG_WARN_STRICT_PROTOTYPES = YES;
				CLANG_WARN_SUSPICIOUS_MOVE = YES;
				CLANG_WARN_UNGUARDED_AVAILABILITY = YES_AGGRESSIVE;
				CLANG_WARN_UNREACHABLE_CODE = YES;
				CLANG_WARN__DUPLICATE_METHOD_MATCH = YES;
				COPY_PHASE_STRIP = NO;
				DEBUG_INFORMATION_FORMAT = dwarf;
				ENABLE_STRICT_OBJC_MSGSEND = YES;
				ENABLE_TESTABILITY = YES;
				ENABLE_USER_SCRIPT_SANDBOXING = YES;
				GCC_C_LANGUAGE_STANDARD = gnu17;
				GCC_DYNAMIC_NO_PIC = NO;
				GCC_NO_COMMON_BLOCKS = YES;
				GCC_OPTIMIZATION_LEVEL = 0;
				GCC_PREPROCESSOR_DEFINITIONS = (
					"DEBUG=1",
					"$(inherited)",
				);
				GCC_WARN_64_TO_32_BIT_CONVERSION = YES;
				GCC_WARN_ABOUT_RETURN_TYPE = YES_ERROR;
				GCC_WARN_UNDECLARED_SELECTOR = YES;
				GCC_WARN_UNINITIALIZED_AUTOS = YES_AGGRESSIVE;
				GCC_WARN_UNUSED_FUNCTION = YES;
				GCC_WARN_UNUSED_VARIABLE = YES;
				IPHONEOS_DEPLOYMENT_TARGET = 18.4;
				LOCALIZATION_PREFERS_STRING_CATALOGS = YES;
				MTL_ENABLE_DEBUG_INFO = INCLUDE_SOURCE;
				MTL_FAST_MATH = YES;
				ONLY_ACTIVE_ARCH = YES;
				SDKROOT = iphoneos;
				SWIFT_ACTIVE_COMPILATION_CONDITIONS = "DEBUG $(inherited)";
				SWIFT_OPTIMIZATION_LEVEL = "-Onone";
			};
			name = Debug;
		};
		B50903C72E3F553100B0C58C /* Release */ = {
			isa = XCBuildConfiguration;
			buildSettings = {
				ALWAYS_SEARCH_USER_PATHS = NO;
				ASSETCATALOG_COMPILER_GENERATE_SWIFT_ASSET_SYMBOL_EXTENSIONS = YES;
				CLANG_ANALYZER_NONNULL = YES;
				CLANG_ANALYZER_NUMBER_OBJECT_CONVERSION = YES_AGGRESSIVE;
				CLANG_CXX_LANGUAGE_STANDARD = "gnu++20";
				CLANG_ENABLE_MODULES = YES;
				CLANG_ENABLE_OBJC_ARC = YES;
				CLANG_ENABLE_OBJC_WEAK = YES;
				CLANG_WARN_BLOCK_CAPTURE_AUTORELEASING = YES;
				CLANG_WARN_BOOL_CONVERSION = YES;
				CLANG_WARN_COMMA = YES;
				CLANG_WARN_CONSTANT_CONVERSION = YES;
				CLANG_WARN_DEPRECATED_OBJC_IMPLEMENTATIONS = YES;
				CLANG_WARN_DIRECT_OBJC_ISA_USAGE = YES_ERROR;
				CLANG_WARN_DOCUMENTATION_COMMENTS = YES;
				CLANG_WARN_EMPTY_BODY = YES;
				CLANG_WARN_ENUM_CONVERSION = YES;
				CLANG_WARN_INFINITE_RECURSION = YES;
				CLANG_WARN_INT_CONVERSION = YES;
				CLANG_WARN_NON_LITERAL_NULL_CONVERSION = YES;
				CLANG_WARN_OBJC_IMPLICIT_RETAIN_SELF = YES;
				CLANG_WARN_OBJC_LITERAL_CONVERSION = YES;
				CLANG_WARN_OBJC_ROOT_CLASS = YES_ERROR;
				CLANG_WARN_QUOTED_INCLUDE_IN_FRAMEWORK_HEADER = YES;
				CLANG_WARN_RANGE_LOOP_ANALYSIS = YES;
				CLANG_WARN_STRICT_PROTOTYPES = YES;
				CLANG_WARN_SUSPICIOUS_MOVE = YES;
				CLANG_WARN_UNGUARDED_AVAILABILITY = YES_AGGRESSIVE;
				CLANG_WARN_UNREACHABLE_CODE = YES;
				CLANG_WARN__DUPLICATE_METHOD_MATCH = YES;
				COPY_PHASE_STRIP = NO;
				DEBUG_INFORMATION_FORMAT = "dwarf-with-dsym";
				ENABLE_NS_ASSERTIONS = NO;
				ENABLE_STRICT_OBJC_MSGSEND = YES;
				ENABLE_USER_SCRIPT_SANDBOXING = YES;
				GCC_C_LANGUAGE_STANDARD = gnu17;
				GCC_NO_COMMON_BLOCKS = YES;
				GCC_WARN_64_TO_32_BIT_CONVERSION = YES;
				GCC_WARN_ABOUT_RETURN_TYPE = YES_ERROR;
				GCC_WARN_UNDECLARED_SELECTOR = YES;
				GCC_WARN_UNINITIALIZED_AUTOS = YES_AGGRESSIVE;
				GCC_WARN_UNUSED_FUNCTION = YES;
				GCC_WARN_UNUSED_VARIABLE = YES;
				IPHONEOS_DEPLOYMENT_TARGET = 18.4;
				LOCALIZATION_PREFERS_STRING_CATALOGS = YES;
				MTL_ENABLE_DEBUG_INFO = NO;
				MTL_FAST_MATH = YES;
				SDKROOT = iphoneos;
				SWIFT_COMPILATION_MODE = wholemodule;
				VALIDATE_PRODUCT = YES;
			};
			name = Release;
		};
		B50903C92E3F553100B0C58C /* Debug */ = {
			isa = XCBuildConfiguration;
			buildSettings = {
				ASSETCATALOG_COMPILER_APPICON_NAME = AppIcon;
				ASSETCATALOG_COMPILER_GLOBAL_ACCENT_COLOR_NAME = AccentColor;
				CODE_SIGN_STYLE = Automatic;
				CURRENT_PROJECT_VERSION = 1;
				DEVELOPMENT_TEAM = WZJ5H2T2KL;
				ENABLE_PREVIEWS = YES;
				GENERATE_INFOPLIST_FILE = YES;
				INFOPLIST_FILE = sensorCollect/Info.plist;
				INFOPLIST_KEY_NSCameraUsageDescription = "\"Allow sending image from camera\"";
				INFOPLIST_KEY_NSMotionUsageDescription = "\"Allow sending IMU data\"";
				INFOPLIST_KEY_UIApplicationSceneManifest_Generation = YES;
				INFOPLIST_KEY_UIApplicationSupportsIndirectInputEvents = YES;
				INFOPLIST_KEY_UILaunchScreen_Generation = YES;
				INFOPLIST_KEY_UISupportedInterfaceOrientations_iPad = "UIInterfaceOrientationPortrait UIInterfaceOrientationPortraitUpsideDown UIInterfaceOrientationLandscapeLeft UIInterfaceOrientationLandscapeRight";
				INFOPLIST_KEY_UISupportedInterfaceOrientations_iPhone = "UIInterfaceOrientationPortrait UIInterfaceOrientationLandscapeLeft UIInterfaceOrientationLandscapeRight";
				LD_RUNPATH_SEARCH_PATHS = (
					"$(inherited)",
					"@executable_path/Frameworks",
				);
				MARKETING_VERSION = 1.0;
				PRODUCT_BUNDLE_IDENTIFIER = Rick.sensorCollect;
				PRODUCT_NAME = "$(TARGET_NAME)";
				SWIFT_EMIT_LOC_STRINGS = YES;
				SWIFT_VERSION = 5.0;
				TARGETED_DEVICE_FAMILY = "1,2";
			};
			name = Debug;
		};
		B50903CA2E3F553100B0C58C /* Release */ = {
			isa = XCBuildConfiguration;
			buildSettings = {
				ASSETCATALOG_COMPILER_APPICON_NAME = AppIcon;
				ASSETCATALOG_COMPILER_GLOBAL_ACCENT_COLOR_NAME = AccentColor;
				CODE_SIGN_STYLE = Automatic;
				CURRENT_PROJECT_VERSION = 1;
				DEVELOPMENT_TEAM = WZJ5H2T2KL;
				ENABLE_PREVIEWS = YES;
				GENERATE_INFOPLIST_FILE = YES;
				INFOPLIST_FILE = sensorCollect/Info.plist;
				INFOPLIST_KEY_NSCameraUsageDescription = "\"Allow sending image from camera\"";
				INFOPLIST_KEY_NSMotionUsageDescription = "\"Allow sending IMU data\"";
				INFOPLIST_KEY_UIApplicationSceneManifest_Generation = YES;
				INFOPLIST_KEY_UIApplicationSupportsIndirectInputEvents = YES;
				INFOPLIST_KEY_UILaunchScreen_Generation = YES;
				INFOPLIST_KEY_UISupportedInterfaceOrientations_iPad = "UIInterfaceOrientationPortrait UIInterfaceOrientationPortraitUpsideDown UIInterfaceOrientationLandscapeLeft UIInterfaceOrientationLandscapeRight";
				INFOPLIST_KEY_UISupportedInterfaceOrientations_iPhone = "UIInterfaceOrientationPortrait UIInterfaceOrientationLandscapeLeft UIInterfaceOrientationLandscapeRight";
				LD_RUNPATH_SEARCH_PATHS = (
					"$(inherited)",
					"@executable_path/Frameworks",
				);
				MARKETING_VERSION = 1.0;
				PRODUCT_BUNDLE_IDENTIFIER = Rick.sensorCollect;
				PRODUCT_NAME = "$(TARGET_NAME)";
				SWIFT_EMIT_LOC_STRINGS = YES;
				SWIFT_VERSION = 5.0;
				TARGETED_DEVICE_FAMILY = "1,2";
			};
			name = Release;
		};
		B50903CC2E3F553100B0C58C /* Debug */ = {
			isa = XCBuildConfiguration;
			buildSettings = {
				BUNDLE_LOADER = "$(TEST_HOST)";
				CODE_SIGN_STYLE = Automatic;
				CURRENT_PROJECT_VERSION = 1;
				GENERATE_INFOPLIST_FILE = YES;
				IPHONEOS_DEPLOYMENT_TARGET = 18.4;
				MARKETING_VERSION = 1.0;
				PRODUCT_BUNDLE_IDENTIFIER = Rick.sensorCollectTests;
				PRODUCT_NAME = "$(TARGET_NAME)";
				SWIFT_EMIT_LOC_STRINGS = NO;
				SWIFT_VERSION = 5.0;
				TARGETED_DEVICE_FAMILY = "1,2";
				TEST_HOST = "$(BUILT_PRODUCTS_DIR)/sensorCollect.app/$(BUNDLE_EXECUTABLE_FOLDER_PATH)/sensorCollect";
			};
			name = Debug;
		};
		B50903CD2E3F553100B0C58C /* Release */ = {
			isa = XCBuildConfiguration;
			buildSettings = {
				BUNDLE_LOADER = "$(TEST_HOST)";
				CODE_SIGN_STYLE = Automatic;
				CURRENT_PROJECT_VERSION = 1;
				GENERATE_INFOPLIST_FILE = YES;
				IPHONEOS_DEPLOYMENT_TARGET = 18.4;
				MARKETING_VERSION = 1.0;
				PRODUCT_BUNDLE_IDENTIFIER = Rick.sensorCollectTests;
				PRODUCT_NAME = "$(TARGET_NAME)";
				SWIFT_EMIT_LOC_STRINGS = NO;
				SWIFT_VERSION = 5.0;
				TARGETED_DEVICE_FAMILY = "1,2";
				TEST_HOST = "$(BUILT_PRODUCTS_DIR)/sensorCollect.app/$(BUNDLE_EXECUTABLE_FOLDER_PATH)/sensorCollect";
			};
			name = Release;
		};
		B50903CF2E3F553100B0C58C /* Debug */ = {
			isa = XCBuildConfiguration;
			buildSettings = {
				CODE_SIGN_STYLE = Automatic;
				CURRENT_PROJECT_VERSION = 1;
				GENERATE_INFOPLIST_FILE = YES;
				MARKETING_VERSION = 1.0;
				PRODUCT_BUNDLE_IDENTIFIER = Rick.sensorCollectUITests;
				PRODUCT_NAME = "$(TARGET_NAME)";
				SWIFT_EMIT_LOC_STRINGS = NO;
				SWIFT_VERSION = 5.0;
				TARGETED_DEVICE_FAMILY = "1,2";
				TEST_TARGET_NAME = sensorCollect;
			};
			name = Debug;
		};
		B50903D02E3F553100B0C58C /* Release */ = {
			isa = XCBuildConfiguration;
			buildSettings = {
				CODE_SIGN_STYLE = Automatic;
				CURRENT_PROJECT_VERSION = 1;
				GENERATE_INFOPLIST_FILE = YES;
				MARKETING_VERSION = 1.0;
				PRODUCT_BUNDLE_IDENTIFIER = Rick.sensorCollectUITests;
				PRODUCT_NAME = "$(TARGET_NAME)";
				SWIFT_EMIT_LOC_STRINGS = NO;
				SWIFT_VERSION = 5.0;
				TARGETED_DEVICE_FAMILY = "1,2";
				TEST_TARGET_NAME = sensorCollect;
			};
			name = Release;
		};
/* End XCBuildConfiguration section */

/* Begin XCConfigurationList section */
		B50903A22E3F552C00B0C58C /* Build configuration list for PBXProject "sensorCollect" */ = {
			isa = XCConfigurationList;
			buildConfigurations = (
				B50903C62E3F553100B0C58C /* Debug */,
				B50903C72E3F553100B0C58C /* Release */,
			);
			defaultConfigurationIsVisible = 0;
			defaultConfigurationName = Release;
		};
		B50903C82E3F553100B0C58C /* Build configuration list for PBXNativeTarget "sensorCollect" */ = {
			isa = XCConfigurationList;
			buildConfigurations = (
				B50903C92E3F553100B0C58C /* Debug */,
				B50903CA2E3F553100B0C58C /* Release */,
			);
			defaultConfigurationIsVisible = 0;
			defaultConfigurationName = Release;
		};
		B50903CB2E3F553100B0C58C /* Build configuration list for PBXNativeTarget "sensorCollectTests" */ = {
			isa = XCConfigurationList;
			buildConfigurations = (
				B50903CC2E3F553100B0C58C /* Debug */,
				B50903CD2E3F553100B0C58C /* Release */,
			);
			defaultConfigurationIsVisible = 0;
			defaultConfigurationName = Release;
		};
		B50903CE2E3F553100B0C58C /* Build configuration list for PBXNativeTarget "sensorCollectUITests" */ = {
			isa = XCConfigurationList;
			buildConfigurations = (
				B50903CF2E3F553100B0C58C /* Debug */,
				B50903D02E3F553100B0C58C /* Release */,
			);
			defaultConfigurationIsVisible = 0;
			defaultConfigurationName = Release;
		};
/* End XCConfigurationList section */
	};
	rootObject = B509039F2E3F552C00B0C58C /* Project object */;
}
